
Microsoft Visual Studio Solution File, Format Version 12.00
# Visual Studio Version 17
VisualStudioVersion = 17.2.32414.248
MinimumVisualStudioVersion = 10.0.40219.1
Project("{9A19103F-16F7-4668-BE54-9A1E7A4F7556}") = "StryxLib.NET", "StryxLib.NET\StryxLib.NET.csproj", "{CE18706D-421F-4A4C-9760-C68011AE3A0D}"
EndProject
Project("{9A19103F-16F7-4668-BE54-9A1E7A4F7556}") = "StryxLib.NET.ASP", "StryxLib.NET.ASP\StryxLib.NET.ASP.csproj", "{11FDB91B-2FD8-476A-8732-280A42E7D39C}"
EndProject
Project("{2150E333-8FDC-42A3-9474-1A3956D46DE8}") = "Solution Items", "Solution Items", "{C9CA141D-85C5-400E-88C8-6354CCADAF1B}"
	ProjectSection(SolutionItems) = preProject
		.editorconfig = .editorconfig
	EndProjectSection
EndProject
Project("{2150E333-8FDC-42A3-9474-1A3956D46DE8}") = "Git", "Git", "{B6225DA3-C63E-452A-9102-E3CB007DD96C}"
	ProjectSection(SolutionItems) = preProject
		.gitignore = .gitignore
		LICENSE = LICENSE
		README.md = README.md
	EndProjectSection
EndProject
Project("{2150E333-8FDC-42A3-9474-1A3956D46DE8}") = "DotNet", "DotNet", "{DF751D72-9FC4-425A-BD60-D19596B607C4}"
EndProject
Project("{2150E333-8FDC-42A3-9474-1A3956D46DE8}") = "TJS", "TJS", "{781109F2-8C77-4B27-81A1-9B992EF22911}"
EndProject
Project("{9092AA53-FB77-4645-B42D-1CCCA6BD08BD}") = "StryxLib.JS", "StryxLib.JS\StryxLib.JS.njsproj", "{0AF3C520-EC78-4007-8486-5F21589C1D4D}"
EndProject
Project("{9092AA53-FB77-4645-B42D-1CCCA6BD08BD}") = "StryxLib.TS", "StryxLib.TS\StryxLib.TS.njsproj", "{D1615BF1-BF86-48FD-978B-A4A0629A8678}"
EndProject
Project("{2150E333-8FDC-42A3-9474-1A3956D46DE8}") = "CCXX", "CCXX", "{19041CDA-8EFA-441C-98CF-C375D78F1412}"
EndProject
Project("{2150E333-8FDC-42A3-9474-1A3956D46DE8}") = "NT", "NT", "{18E4A2B1-C07E-438C-897E-0699FC14AA2B}"
EndProject
Project("{2150E333-8FDC-42A3-9474-1A3956D46DE8}") = "Linux", "Linux", "{E2DDA535-AD40-477C-97BF-8E0E1E32B8BA}"
EndProject
Project("{8BC9CEB8-8B4A-11D0-8D11-00A0C91BC942}") = "StryxLib.Linux.C", "StryxLib.Linux.C\StryxLib.Linux.C.vcxproj", "{E22E9192-9F9D-4E1C-80F9-277AEF1FBCF3}"
EndProject
Project("{8BC9CEB8-8B4A-11D0-8D11-00A0C91BC942}") = "StryxLib.Linux.CXX", "StryxLib.Linux.CXX\StryxLib.Linux.CXX.vcxproj", "{99ADD4FB-058B-493C-B8CC-830423F36ED1}"
EndProject
Project("{8BC9CEB8-8B4A-11D0-8D11-00A0C91BC942}") = "StryxLib.NT.C", "StryxLib.NT.C\StryxLib.NT.C.vcxproj", "{0F955DB9-01CD-48D4-8953-9031A18250D2}"
EndProject
Project("{8BC9CEB8-8B4A-11D0-8D11-00A0C91BC942}") = "StryxLib.NT.CXX", "StryxLib.NT.CXX\StryxLib.NT.CXX.vcxproj", "{86C37EC2-1F43-4D5C-B620-0BED7FB4212F}"
EndProject
Project("{8BC9CEB8-8B4A-11D0-8D11-00A0C91BC942}") = "StryxLib.C", "StryxLib.C\StryxLib.C.vcxitems", "{B7525737-A66D-46A2-A7DB-6083FEF71263}"
EndProject
Project("{8BC9CEB8-8B4A-11D0-8D11-00A0C91BC942}") = "StryxLib.CXX", "StryxLib.CXX\StryxLib.CXX.vcxitems", "{60932B83-8B9C-4DDF-AC09-14D16A9BF5DB}"
EndProject
Global
	GlobalSection(SolutionConfigurationPlatforms) = preSolution
		Debug|ARM64 = Debug|ARM64
		Debug|x64 = Debug|x64
		Release|ARM64 = Release|ARM64
		Release|x64 = Release|x64
	EndGlobalSection
	GlobalSection(ProjectConfigurationPlatforms) = postSolution
		{CE18706D-421F-4A4C-9760-C68011AE3A0D}.Debug|ARM64.ActiveCfg = Debug|Any CPU
		{CE18706D-421F-4A4C-9760-C68011AE3A0D}.Debug|x64.ActiveCfg = Debug|Any CPU
		{CE18706D-421F-4A4C-9760-C68011AE3A0D}.Debug|x64.Build.0 = Debug|Any CPU
		{CE18706D-421F-4A4C-9760-C68011AE3A0D}.Release|ARM64.ActiveCfg = Release|Any CPU
		{CE18706D-421F-4A4C-9760-C68011AE3A0D}.Release|x64.ActiveCfg = Release|Any CPU
		{11FDB91B-2FD8-476A-8732-280A42E7D39C}.Debug|ARM64.ActiveCfg = Debug|Any CPU
		{11FDB91B-2FD8-476A-8732-280A42E7D39C}.Debug|ARM64.Build.0 = Debug|Any CPU
		{11FDB91B-2FD8-476A-8732-280A42E7D39C}.Debug|x64.ActiveCfg = Debug|Any CPU
		{11FDB91B-2FD8-476A-8732-280A42E7D39C}.Debug|x64.Build.0 = Debug|Any CPU
		{11FDB91B-2FD8-476A-8732-280A42E7D39C}.Release|ARM64.ActiveCfg = Release|ARM64
		{11FDB91B-2FD8-476A-8732-280A42E7D39C}.Release|ARM64.Build.0 = Release|ARM64
		{11FDB91B-2FD8-476A-8732-280A42E7D39C}.Release|x64.ActiveCfg = Release|x64
		{11FDB91B-2FD8-476A-8732-280A42E7D39C}.Release|x64.Build.0 = Release|x64
		{0AF3C520-EC78-4007-8486-5F21589C1D4D}.Debug|ARM64.ActiveCfg = Debug|Any CPU
		{0AF3C520-EC78-4007-8486-5F21589C1D4D}.Debug|ARM64.Build.0 = Debug|Any CPU
		{0AF3C520-EC78-4007-8486-5F21589C1D4D}.Debug|x64.ActiveCfg = Debug|Any CPU
		{0AF3C520-EC78-4007-8486-5F21589C1D4D}.Debug|x64.Build.0 = Debug|Any CPU
		{0AF3C520-EC78-4007-8486-5F21589C1D4D}.Release|ARM64.ActiveCfg = Release|Any CPU
		{0AF3C520-EC78-4007-8486-5F21589C1D4D}.Release|ARM64.Build.0 = Release|Any CPU
		{0AF3C520-EC78-4007-8486-5F21589C1D4D}.Release|x64.ActiveCfg = Release|Any CPU
		{0AF3C520-EC78-4007-8486-5F21589C1D4D}.Release|x64.Build.0 = Release|Any CPU
		{D1615BF1-BF86-48FD-978B-A4A0629A8678}.Debug|ARM64.ActiveCfg = Debug|Any CPU
		{D1615BF1-BF86-48FD-978B-A4A0629A8678}.Debug|ARM64.Build.0 = Debug|Any CPU
		{D1615BF1-BF86-48FD-978B-A4A0629A8678}.Debug|x64.ActiveCfg = Debug|Any CPU
		{D1615BF1-BF86-48FD-978B-A4A0629A8678}.Debug|x64.Build.0 = Debug|Any CPU
		{D1615BF1-BF86-48FD-978B-A4A0629A8678}.Release|ARM64.ActiveCfg = Release|Any CPU
		{D1615BF1-BF86-48FD-978B-A4A0629A8678}.Release|ARM64.Build.0 = Release|Any CPU
		{D1615BF1-BF86-48FD-978B-A4A0629A8678}.Release|x64.ActiveCfg = Release|Any CPU
		{D1615BF1-BF86-48FD-978B-A4A0629A8678}.Release|x64.Build.0 = Release|Any CPU
		{E22E9192-9F9D-4E1C-80F9-277AEF1FBCF3}.Debug|ARM64.ActiveCfg = Debug|ARM64
		{E22E9192-9F9D-4E1C-80F9-277AEF1FBCF3}.Debug|ARM64.Build.0 = Debug|ARM64
		{E22E9192-9F9D-4E1C-80F9-277AEF1FBCF3}.Debug|ARM64.Deploy.0 = Debug|ARM64
		{E22E9192-9F9D-4E1C-80F9-277AEF1FBCF3}.Debug|x64.ActiveCfg = Debug|x64
		{E22E9192-9F9D-4E1C-80F9-277AEF1FBCF3}.Debug|x64.Build.0 = Debug|x64
		{E22E9192-9F9D-4E1C-80F9-277AEF1FBCF3}.Debug|x64.Deploy.0 = Debug|x64
		{E22E9192-9F9D-4E1C-80F9-277AEF1FBCF3}.Release|ARM64.ActiveCfg = Release|ARM64
		{E22E9192-9F9D-4E1C-80F9-277AEF1FBCF3}.Release|ARM64.Build.0 = Release|ARM64
		{E22E9192-9F9D-4E1C-80F9-277AEF1FBCF3}.Release|ARM64.Deploy.0 = Release|ARM64
		{E22E9192-9F9D-4E1C-80F9-277AEF1FBCF3}.Release|x64.ActiveCfg = Release|x64
		{E22E9192-9F9D-4E1C-80F9-277AEF1FBCF3}.Release|x64.Build.0 = Release|x64
		{E22E9192-9F9D-4E1C-80F9-277AEF1FBCF3}.Release|x64.Deploy.0 = Release|x64
		{99ADD4FB-058B-493C-B8CC-830423F36ED1}.Debug|ARM64.ActiveCfg = Debug|ARM64
		{99ADD4FB-058B-493C-B8CC-830423F36ED1}.Debug|ARM64.Build.0 = Debug|ARM64
		{99ADD4FB-058B-493C-B8CC-830423F36ED1}.Debug|ARM64.Deploy.0 = Debug|ARM64
		{99ADD4FB-058B-493C-B8CC-830423F36ED1}.Debug|x64.ActiveCfg = Debug|x64
		{99ADD4FB-058B-493C-B8CC-830423F36ED1}.Debug|x64.Build.0 = Debug|x64
		{99ADD4FB-058B-493C-B8CC-830423F36ED1}.Debug|x64.Deploy.0 = Debug|x64
		{99ADD4FB-058B-493C-B8CC-830423F36ED1}.Release|ARM64.ActiveCfg = Release|ARM64
		{99ADD4FB-058B-493C-B8CC-830423F36ED1}.Release|ARM64.Build.0 = Release|ARM64
		{99ADD4FB-058B-493C-B8CC-830423F36ED1}.Release|ARM64.Deploy.0 = Release|ARM64
		{99ADD4FB-058B-493C-B8CC-830423F36ED1}.Release|x64.ActiveCfg = Release|x64
		{99ADD4FB-058B-493C-B8CC-830423F36ED1}.Release|x64.Build.0 = Release|x64
		{99ADD4FB-058B-493C-B8CC-830423F36ED1}.Release|x64.Deploy.0 = Release|x64
		{0F955DB9-01CD-48D4-8953-9031A18250D2}.Debug|ARM64.ActiveCfg = Debug|x64
		{0F955DB9-01CD-48D4-8953-9031A18250D2}.Debug|ARM64.Build.0 = Debug|x64
		{0F955DB9-01CD-48D4-8953-9031A18250D2}.Debug|x64.ActiveCfg = Debug|x64
		{0F955DB9-01CD-48D4-8953-9031A18250D2}.Debug|x64.Build.0 = Debug|x64
		{0F955DB9-01CD-48D4-8953-9031A18250D2}.Release|ARM64.ActiveCfg = Release|x64
		{0F955DB9-01CD-48D4-8953-9031A18250D2}.Release|ARM64.Build.0 = Release|x64
		{0F955DB9-01CD-48D4-8953-9031A18250D2}.Release|x64.ActiveCfg = Release|x64
		{0F955DB9-01CD-48D4-8953-9031A18250D2}.Release|x64.Build.0 = Release|x64
		{86C37EC2-1F43-4D5C-B620-0BED7FB4212F}.Debug|ARM64.ActiveCfg = Debug|x64
		{86C37EC2-1F43-4D5C-B620-0BED7FB4212F}.Debug|ARM64.Build.0 = Debug|x64
		{86C37EC2-1F43-4D5C-B620-0BED7FB4212F}.Debug|x64.ActiveCfg = Debug|x64
		{86C37EC2-1F43-4D5C-B620-0BED7FB4212F}.Debug|x64.Build.0 = Debug|x64
		{86C37EC2-1F43-4D5C-B620-0BED7FB4212F}.Release|ARM64.ActiveCfg = Release|x64
		{86C37EC2-1F43-4D5C-B620-0BED7FB4212F}.Release|ARM64.Build.0 = Release|x64
		{86C37EC2-1F43-4D5C-B620-0BED7FB4212F}.Release|x64.ActiveCfg = Release|x64
		{86C37EC2-1F43-4D5C-B620-0BED7FB4212F}.Release|x64.Build.0 = Release|x64
	EndGlobalSection
	GlobalSection(SolutionProperties) = preSolution
		HideSolutionNode = FALSE
	EndGlobalSection
	GlobalSection(NestedProjects) = preSolution
		{CE18706D-421F-4A4C-9760-C68011AE3A0D} = {DF751D72-9FC4-425A-BD60-D19596B607C4}
		{11FDB91B-2FD8-476A-8732-280A42E7D39C} = {DF751D72-9FC4-425A-BD60-D19596B607C4}
		{0AF3C520-EC78-4007-8486-5F21589C1D4D} = {781109F2-8C77-4B27-81A1-9B992EF22911}
		{D1615BF1-BF86-48FD-978B-A4A0629A8678} = {781109F2-8C77-4B27-81A1-9B992EF22911}
		{18E4A2B1-C07E-438C-897E-0699FC14AA2B} = {19041CDA-8EFA-441C-98CF-C375D78F1412}
		{E2DDA535-AD40-477C-97BF-8E0E1E32B8BA} = {19041CDA-8EFA-441C-98CF-C375D78F1412}
		{E22E9192-9F9D-4E1C-80F9-277AEF1FBCF3} = {E2DDA535-AD40-477C-97BF-8E0E1E32B8BA}
		{99ADD4FB-058B-493C-B8CC-830423F36ED1} = {E2DDA535-AD40-477C-97BF-8E0E1E32B8BA}
		{0F955DB9-01CD-48D4-8953-9031A18250D2} = {18E4A2B1-C07E-438C-897E-0699FC14AA2B}
		{86C37EC2-1F43-4D5C-B620-0BED7FB4212F} = {18E4A2B1-C07E-438C-897E-0699FC14AA2B}
		{B7525737-A66D-46A2-A7DB-6083FEF71263} = {19041CDA-8EFA-441C-98CF-C375D78F1412}
		{60932B83-8B9C-4DDF-AC09-14D16A9BF5DB} = {19041CDA-8EFA-441C-98CF-C375D78F1412}
	EndGlobalSection
	GlobalSection(ExtensibilityGlobals) = postSolution
		SolutionGuid = {63CF8068-E2D8-4FB4-9415-942720510C06}
	EndGlobalSection
	GlobalSection(SharedMSBuildProjectFiles) = preSolution
		StryxLib.C\StryxLib.C.vcxitems*{0f955db9-01cd-48d4-8953-9031a18250d2}*SharedItemsImports = 4
		StryxLib.CXX\StryxLib.CXX.vcxitems*{60932b83-8b9c-4ddf-ac09-14d16a9bf5db}*SharedItemsImports = 9
		StryxLib.CXX\StryxLib.CXX.vcxitems*{86c37ec2-1f43-4d5c-b620-0bed7fb4212f}*SharedItemsImports = 4
		StryxLib.CXX\StryxLib.CXX.vcxitems*{99add4fb-058b-493c-b8cc-830423f36ed1}*SharedItemsImports = 4
		StryxLib.C\StryxLib.C.vcxitems*{b7525737-a66d-46a2-a7db-6083fef71263}*SharedItemsImports = 9
		StryxLib.C\StryxLib.C.vcxitems*{e22e9192-9f9d-4e1c-80f9-277aef1fbcf3}*SharedItemsImports = 4
	EndGlobalSection
EndGlobal
