
Microsoft Visual Studio Solution File, Format Version 12.00
# Visual Studio Version 17
VisualStudioVersion = 17.2.32414.248
MinimumVisualStudioVersion = 10.0.40219.1
Project("{9A19103F-16F7-4668-BE54-9A1E7A4F7556}") = "StryxLib.NET", "StryxLib.NET\StryxLib.NET.csproj", "{CE18706D-421F-4A4C-9760-C68011AE3A0D}"
EndProject
Project("{9A19103F-16F7-4668-BE54-9A1E7A4F7556}") = "StryxLib.NET.ASP", "StryxLib.NET.ASP\StryxLib.NET.ASP.csproj", "{11FDB91B-2FD8-476A-8732-280A42E7D39C}"
EndProject
Project("{2150E333-8FDC-42A3-9474-1A3956D46DE8}") = "Solution Items", "Solution Items", "{C9CA141D-85C5-400E-88C8-6354CCADAF1B}"
	ProjectSection(SolutionItems) = preProject
		.editorconfig = .editorconfig
	EndProjectSection
EndProject
Project("{2150E333-8FDC-42A3-9474-1A3956D46DE8}") = "Git", "Git", "{B6225DA3-C63E-452A-9102-E3CB007DD96C}"
	ProjectSection(SolutionItems) = preProject
		.gitignore = .gitignore
		LICENSE = LICENSE
		README.md = README.md
	EndProjectSection
EndProject
Project("{2150E333-8FDC-42A3-9474-1A3956D46DE8}") = "DotNet", "DotNet", "{DF751D72-9FC4-425A-BD60-D19596B607C4}"
EndProject
Project("{2150E333-8FDC-42A3-9474-1A3956D46DE8}") = "TJS", "TJS", "{781109F2-8C77-4B27-81A1-9B992EF22911}"
EndProject
Project("{9092AA53-FB77-4645-B42D-1CCCA6BD08BD}") = "StryxLib.JS", "StryxLib.JS\StryxLib.JS.njsproj", "{0AF3C520-EC78-4007-8486-5F21589C1D4D}"
EndProject
Project("{9092AA53-FB77-4645-B42D-1CCCA6BD08BD}") = "StryxLib.TS", "StryxLib.TS\StryxLib.TS.njsproj", "{D1615BF1-BF86-48FD-978B-A4A0629A8678}"
EndProject
Global
	GlobalSection(SolutionConfigurationPlatforms) = preSolution
		Debug|ARM64 = Debug|ARM64
		Debug|x64 = Debug|x64
		Release|ARM64 = Release|ARM64
		Release|x64 = Release|x64
	EndGlobalSection
	GlobalSection(ProjectConfigurationPlatforms) = postSolution
		{CE18706D-421F-4A4C-9760-C68011AE3A0D}.Debug|ARM64.ActiveCfg = Debug|ARM64
		{CE18706D-421F-4A4C-9760-C68011AE3A0D}.Debug|ARM64.Build.0 = Debug|ARM64
		{CE18706D-421F-4A4C-9760-C68011AE3A0D}.Debug|x64.ActiveCfg = Debug|x64
		{CE18706D-421F-4A4C-9760-C68011AE3A0D}.Debug|x64.Build.0 = Debug|x64
		{CE18706D-421F-4A4C-9760-C68011AE3A0D}.Release|ARM64.ActiveCfg = Release|ARM64
		{CE18706D-421F-4A4C-9760-C68011AE3A0D}.Release|ARM64.Build.0 = Release|ARM64
		{CE18706D-421F-4A4C-9760-C68011AE3A0D}.Release|x64.ActiveCfg = Release|x64
		{CE18706D-421F-4A4C-9760-C68011AE3A0D}.Release|x64.Build.0 = Release|x64
		{11FDB91B-2FD8-476A-8732-280A42E7D39C}.Debug|ARM64.ActiveCfg = Debug|Any CPU
		{11FDB91B-2FD8-476A-8732-280A42E7D39C}.Debug|ARM64.Build.0 = Debug|Any CPU
		{11FDB91B-2FD8-476A-8732-280A42E7D39C}.Debug|x64.ActiveCfg = Debug|Any CPU
		{11FDB91B-2FD8-476A-8732-280A42E7D39C}.Debug|x64.Build.0 = Debug|Any CPU
		{11FDB91B-2FD8-476A-8732-280A42E7D39C}.Release|ARM64.ActiveCfg = Release|ARM64
		{11FDB91B-2FD8-476A-8732-280A42E7D39C}.Release|ARM64.Build.0 = Release|ARM64
		{11FDB91B-2FD8-476A-8732-280A42E7D39C}.Release|x64.ActiveCfg = Release|x64
		{11FDB91B-2FD8-476A-8732-280A42E7D39C}.Release|x64.Build.0 = Release|x64
		{0AF3C520-EC78-4007-8486-5F21589C1D4D}.Debug|ARM64.ActiveCfg = Debug|Any CPU
		{0AF3C520-EC78-4007-8486-5F21589C1D4D}.Debug|ARM64.Build.0 = Debug|Any CPU
		{0AF3C520-EC78-4007-8486-5F21589C1D4D}.Debug|x64.ActiveCfg = Debug|Any CPU
		{0AF3C520-EC78-4007-8486-5F21589C1D4D}.Debug|x64.Build.0 = Debug|Any CPU
		{0AF3C520-EC78-4007-8486-5F21589C1D4D}.Release|ARM64.ActiveCfg = Release|Any CPU
		{0AF3C520-EC78-4007-8486-5F21589C1D4D}.Release|ARM64.Build.0 = Release|Any CPU
		{0AF3C520-EC78-4007-8486-5F21589C1D4D}.Release|x64.ActiveCfg = Release|Any CPU
		{0AF3C520-EC78-4007-8486-5F21589C1D4D}.Release|x64.Build.0 = Release|Any CPU
		{D1615BF1-BF86-48FD-978B-A4A0629A8678}.Debug|ARM64.ActiveCfg = Debug|Any CPU
		{D1615BF1-BF86-48FD-978B-A4A0629A8678}.Debug|ARM64.Build.0 = Debug|Any CPU
		{D1615BF1-BF86-48FD-978B-A4A0629A8678}.Debug|x64.ActiveCfg = Debug|Any CPU
		{D1615BF1-BF86-48FD-978B-A4A0629A8678}.Debug|x64.Build.0 = Debug|Any CPU
		{D1615BF1-BF86-48FD-978B-A4A0629A8678}.Release|ARM64.ActiveCfg = Release|Any CPU
		{D1615BF1-BF86-48FD-978B-A4A0629A8678}.Release|ARM64.Build.0 = Release|Any CPU
		{D1615BF1-BF86-48FD-978B-A4A0629A8678}.Release|x64.ActiveCfg = Release|Any CPU
		{D1615BF1-BF86-48FD-978B-A4A0629A8678}.Release|x64.Build.0 = Release|Any CPU
	EndGlobalSection
	GlobalSection(SolutionProperties) = preSolution
		HideSolutionNode = FALSE
	EndGlobalSection
	GlobalSection(NestedProjects) = preSolution
		{CE18706D-421F-4A4C-9760-C68011AE3A0D} = {DF751D72-9FC4-425A-BD60-D19596B607C4}
		{11FDB91B-2FD8-476A-8732-280A42E7D39C} = {DF751D72-9FC4-425A-BD60-D19596B607C4}
		{0AF3C520-EC78-4007-8486-5F21589C1D4D} = {781109F2-8C77-4B27-81A1-9B992EF22911}
		{D1615BF1-BF86-48FD-978B-A4A0629A8678} = {781109F2-8C77-4B27-81A1-9B992EF22911}
	EndGlobalSection
	GlobalSection(ExtensibilityGlobals) = postSolution
		SolutionGuid = {63CF8068-E2D8-4FB4-9415-942720510C06}
	EndGlobalSection
EndGlobal
